// !$*UTF8*$!
{
	archiveVersion = 1;
	classes = {
	};
	objectVersion = 56;
	objects = {

/* Begin PBXBuildFile section */
		A18FF28E2B8DCC62001A38D4 /* apple_galleryApp.swift in Sources */ = {isa = PBXBuildFile; fileRef = A18FF28D2B8DCC62001A38D4 /* apple_galleryApp.swift */; };
		A18FF2922B8DCC64001A38D4 /* Assets.xcassets in Resources */ = {isa = PBXBuildFile; fileRef = A18FF2912B8DCC64001A38D4 /* Assets.xcassets */; };
		A18FF2952B8DCC64001A38D4 /* Preview Assets.xcassets in Resources */ = {isa = PBXBuildFile; fileRef = A18FF2942B8DCC64001A38D4 /* Preview Assets.xcassets */; };
		A18FF29C2B8DCDAC001A38D4 /* AppleGalleryCardView.swift in Sources */ = {isa = PBXBuildFile; fileRef = A18FF29B2B8DCDAC001A38D4 /* AppleGalleryCardView.swift */; };
		A18FF29E2B8DCEAB001A38D4 /* AppleGalleryView.swift in Sources */ = {isa = PBXBuildFile; fileRef = A18FF29D2B8DCEAB001A38D4 /* AppleGalleryView.swift */; };
		A18FF2A02B8DCF74001A38D4 /* AppleItem.swift in Sources */ = {isa = PBXBuildFile; fileRef = A18FF29F2B8DCF74001A38D4 /* AppleItem.swift */; };
		A18FF2A22B8DD0A4001A38D4 /* AppleGalleryViewModel.swift in Sources */ = {isa = PBXBuildFile; fileRef = A18FF2A12B8DD0A4001A38D4 /* AppleGalleryViewModel.swift */; };
		A18FF2A72B8DD2C7001A38D4 /* Kingfisher in Frameworks */ = {isa = PBXBuildFile; productRef = A18FF2A62B8DD2C7001A38D4 /* Kingfisher */; };
		A18FF2AE2B8DD4D0001A38D4 /* AppleDetailsView.swift in Sources */ = {isa = PBXBuildFile; fileRef = A18FF2AD2B8DD4D0001A38D4 /* AppleDetailsView.swift */; };
		A18FF2B12B8DE465001A38D4 /* DetailView.swift in Sources */ = {isa = PBXBuildFile; fileRef = A18FF2B02B8DE465001A38D4 /* DetailView.swift */; };
		A18FF2B42B8DE697001A38D4 /* LoginView.swift in Sources */ = {isa = PBXBuildFile; fileRef = A18FF2B32B8DE697001A38D4 /* LoginView.swift */; };
		A18FF2B72B8DE6D9001A38D4 /* RegistrationView.swift in Sources */ = {isa = PBXBuildFile; fileRef = A18FF2B62B8DE6D9001A38D4 /* RegistrationView.swift */; };
		A18FF2BB2B8DE728001A38D4 /* InputView.swift in Sources */ = {isa = PBXBuildFile; fileRef = A18FF2BA2B8DE728001A38D4 /* InputView.swift */; };
		A18FF2BD2B8DE765001A38D4 /* SignInCustomButton.swift in Sources */ = {isa = PBXBuildFile; fileRef = A18FF2BC2B8DE765001A38D4 /* SignInCustomButton.swift */; };
		A18FF2BF2B8DEA1F001A38D4 /* RegistrationViewModel.swift in Sources */ = {isa = PBXBuildFile; fileRef = A18FF2BE2B8DEA1F001A38D4 /* RegistrationViewModel.swift */; };
		A18FF2C12B8DEB3E001A38D4 /* LoginViewModel.swift in Sources */ = {isa = PBXBuildFile; fileRef = A18FF2C02B8DEB3E001A38D4 /* LoginViewModel.swift */; };
		A18FF3102B8E1C16001A38D4 /* NetworkManager in Frameworks */ = {isa = PBXBuildFile; productRef = A18FF30F2B8E1C16001A38D4 /* NetworkManager */; };
		A18FF3142B8E3A01001A38D4 /* MockAPI.swift in Sources */ = {isa = PBXBuildFile; fileRef = A18FF3132B8E3A01001A38D4 /* MockAPI.swift */; };
		A18FF3162B8E3A4C001A38D4 /* User.swift in Sources */ = {isa = PBXBuildFile; fileRef = A18FF3152B8E3A4C001A38D4 /* User.swift */; };
		A18FF3192B8E3CED001A38D4 /* ConditionalNavigationModifier.swift in Sources */ = {isa = PBXBuildFile; fileRef = A18FF3182B8E3CED001A38D4 /* ConditionalNavigationModifier.swift */; };
		A18FF31C2B8E41E6001A38D4 /* Color+Ext..swift in Sources */ = {isa = PBXBuildFile; fileRef = A18FF31B2B8E41E6001A38D4 /* Color+Ext..swift */; };
/* End PBXBuildFile section */

/* Begin PBXFileReference section */
		A18FF28A2B8DCC62001A38D4 /* apple-gallery.app */ = {isa = PBXFileReference; explicitFileType = wrapper.application; includeInIndex = 0; path = "apple-gallery.app"; sourceTree = BUILT_PRODUCTS_DIR; };
		A18FF28D2B8DCC62001A38D4 /* apple_galleryApp.swift */ = {isa = PBXFileReference; lastKnownFileType = sourcecode.swift; path = apple_galleryApp.swift; sourceTree = "<group>"; };
		A18FF2912B8DCC64001A38D4 /* Assets.xcassets */ = {isa = PBXFileReference; lastKnownFileType = folder.assetcatalog; path = Assets.xcassets; sourceTree = "<group>"; };
		A18FF2942B8DCC64001A38D4 /* Preview Assets.xcassets */ = {isa = PBXFileReference; lastKnownFileType = folder.assetcatalog; path = "Preview Assets.xcassets"; sourceTree = "<group>"; };
		A18FF29B2B8DCDAC001A38D4 /* AppleGalleryCardView.swift */ = {isa = PBXFileReference; lastKnownFileType = sourcecode.swift; path = AppleGalleryCardView.swift; sourceTree = "<group>"; };
		A18FF29D2B8DCEAB001A38D4 /* AppleGalleryView.swift */ = {isa = PBXFileReference; lastKnownFileType = sourcecode.swift; path = AppleGalleryView.swift; sourceTree = "<group>"; };
		A18FF29F2B8DCF74001A38D4 /* AppleItem.swift */ = {isa = PBXFileReference; lastKnownFileType = sourcecode.swift; path = AppleItem.swift; sourceTree = "<group>"; };
		A18FF2A12B8DD0A4001A38D4 /* AppleGalleryViewModel.swift */ = {isa = PBXFileReference; lastKnownFileType = sourcecode.swift; path = AppleGalleryViewModel.swift; sourceTree = "<group>"; };
		A18FF2AD2B8DD4D0001A38D4 /* AppleDetailsView.swift */ = {isa = PBXFileReference; lastKnownFileType = sourcecode.swift; path = AppleDetailsView.swift; sourceTree = "<group>"; };
		A18FF2B02B8DE465001A38D4 /* DetailView.swift */ = {isa = PBXFileReference; lastKnownFileType = sourcecode.swift; path = DetailView.swift; sourceTree = "<group>"; };
		A18FF2B32B8DE697001A38D4 /* LoginView.swift */ = {isa = PBXFileReference; lastKnownFileType = sourcecode.swift; path = LoginView.swift; sourceTree = "<group>"; };
		A18FF2B62B8DE6D9001A38D4 /* RegistrationView.swift */ = {isa = PBXFileReference; lastKnownFileType = sourcecode.swift; path = RegistrationView.swift; sourceTree = "<group>"; };
		A18FF2BA2B8DE728001A38D4 /* InputView.swift */ = {isa = PBXFileReference; lastKnownFileType = sourcecode.swift; path = InputView.swift; sourceTree = "<group>"; };
		A18FF2BC2B8DE765001A38D4 /* SignInCustomButton.swift */ = {isa = PBXFileReference; lastKnownFileType = sourcecode.swift; path = SignInCustomButton.swift; sourceTree = "<group>"; };
		A18FF2BE2B8DEA1F001A38D4 /* RegistrationViewModel.swift */ = {isa = PBXFileReference; lastKnownFileType = sourcecode.swift; path = RegistrationViewModel.swift; sourceTree = "<group>"; };
		A18FF2C02B8DEB3E001A38D4 /* LoginViewModel.swift */ = {isa = PBXFileReference; lastKnownFileType = sourcecode.swift; path = LoginViewModel.swift; sourceTree = "<group>"; };
		A18FF3132B8E3A01001A38D4 /* MockAPI.swift */ = {isa = PBXFileReference; lastKnownFileType = sourcecode.swift; path = MockAPI.swift; sourceTree = "<group>"; };
		A18FF3152B8E3A4C001A38D4 /* User.swift */ = {isa = PBXFileReference; lastKnownFileType = sourcecode.swift; path = User.swift; sourceTree = "<group>"; };
		A18FF3182B8E3CED001A38D4 /* ConditionalNavigationModifier.swift */ = {isa = PBXFileReference; lastKnownFileType = sourcecode.swift; path = ConditionalNavigationModifier.swift; sourceTree = "<group>"; };
		A18FF31B2B8E41E6001A38D4 /* Color+Ext..swift */ = {isa = PBXFileReference; lastKnownFileType = sourcecode.swift; path = "Color+Ext..swift"; sourceTree = "<group>"; };
/* End PBXFileReference section */

/* Begin PBXFrameworksBuildPhase section */
		A18FF2872B8DCC62001A38D4 /* Frameworks */ = {
			isa = PBXFrameworksBuildPhase;
			buildActionMask = 2147483647;
			files = (
				A18FF2A72B8DD2C7001A38D4 /* Kingfisher in Frameworks */,
				A18FF3102B8E1C16001A38D4 /* NetworkManager in Frameworks */,
			);
			runOnlyForDeploymentPostprocessing = 0;
		};
/* End PBXFrameworksBuildPhase section */

/* Begin PBXGroup section */
		A18FF2812B8DCC62001A38D4 = {
			isa = PBXGroup;
			children = (
				A18FF28C2B8DCC62001A38D4 /* apple-gallery */,
				A18FF28B2B8DCC62001A38D4 /* Products */,
			);
			sourceTree = "<group>";
		};
		A18FF28B2B8DCC62001A38D4 /* Products */ = {
			isa = PBXGroup;
			children = (
				A18FF28A2B8DCC62001A38D4 /* apple-gallery.app */,
			);
			name = Products;
			sourceTree = "<group>";
		};
		A18FF28C2B8DCC62001A38D4 /* apple-gallery */ = {
			isa = PBXGroup;
			children = (
				A18FF2A82B8DD36D001A38D4 /* App */,
				A18FF2A92B8DD38A001A38D4 /* Model */,
				A18FF2AA2B8DD3B1001A38D4 /* View */,
				A18FF2AF2B8DE43F001A38D4 /* Components */,
				A18FF3112B8E38DF001A38D4 /* Service */,
				A18FF3172B8E3CDC001A38D4 /* Navigation */,
				A18FF31A2B8E41C6001A38D4 /* Helpers */,
				A18FF2932B8DCC64001A38D4 /* Preview Content */,
				A18FF2912B8DCC64001A38D4 /* Assets.xcassets */,
			);
			path = "apple-gallery";
			sourceTree = "<group>";
		};
		A18FF2932B8DCC64001A38D4 /* Preview Content */ = {
			isa = PBXGroup;
			children = (
				A18FF2942B8DCC64001A38D4 /* Preview Assets.xcassets */,
			);
			path = "Preview Content";
			sourceTree = "<group>";
		};
		A18FF2A82B8DD36D001A38D4 /* App */ = {
			isa = PBXGroup;
			children = (
				A18FF28D2B8DCC62001A38D4 /* apple_galleryApp.swift */,
			);
			path = App;
			sourceTree = "<group>";
		};
		A18FF2A92B8DD38A001A38D4 /* Model */ = {
			isa = PBXGroup;
			children = (
				A18FF29F2B8DCF74001A38D4 /* AppleItem.swift */,
				A18FF3152B8E3A4C001A38D4 /* User.swift */,
			);
			name = Model;
			sourceTree = "<group>";
		};
		A18FF2AA2B8DD3B1001A38D4 /* View */ = {
			isa = PBXGroup;
			children = (
				A18FF2B22B8DE680001A38D4 /* Login */,
				A18FF2B52B8DE6BE001A38D4 /* Registration */,
				A18FF2AB2B8DD497001A38D4 /* Gallery */,
				A18FF2AC2B8DD4B0001A38D4 /* Details */,
			);
			path = View;
			sourceTree = "<group>";
		};
		A18FF2AB2B8DD497001A38D4 /* Gallery */ = {
			isa = PBXGroup;
			children = (
				A18FF29D2B8DCEAB001A38D4 /* AppleGalleryView.swift */,
				A18FF2A12B8DD0A4001A38D4 /* AppleGalleryViewModel.swift */,
				A18FF29B2B8DCDAC001A38D4 /* AppleGalleryCardView.swift */,
			);
			path = Gallery;
			sourceTree = "<group>";
		};
		A18FF2AC2B8DD4B0001A38D4 /* Details */ = {
			isa = PBXGroup;
			children = (
				A18FF2AD2B8DD4D0001A38D4 /* AppleDetailsView.swift */,
			);
			path = Details;
			sourceTree = "<group>";
		};
		A18FF2AF2B8DE43F001A38D4 /* Components */ = {
			isa = PBXGroup;
			children = (
				A18FF2B02B8DE465001A38D4 /* DetailView.swift */,
				A18FF2BA2B8DE728001A38D4 /* InputView.swift */,
				A18FF2BC2B8DE765001A38D4 /* SignInCustomButton.swift */,
			);
			path = Components;
			sourceTree = "<group>";
		};
		A18FF2B22B8DE680001A38D4 /* Login */ = {
			isa = PBXGroup;
			children = (
				A18FF2B32B8DE697001A38D4 /* LoginView.swift */,
				A18FF2C02B8DEB3E001A38D4 /* LoginViewModel.swift */,
			);
			path = Login;
			sourceTree = "<group>";
		};
		A18FF2B52B8DE6BE001A38D4 /* Registration */ = {
			isa = PBXGroup;
			children = (
				A18FF2B62B8DE6D9001A38D4 /* RegistrationView.swift */,
				A18FF2BE2B8DEA1F001A38D4 /* RegistrationViewModel.swift */,
			);
			path = Registration;
			sourceTree = "<group>";
		};
		A18FF3112B8E38DF001A38D4 /* Service */ = {
			isa = PBXGroup;
			children = (
				A18FF3132B8E3A01001A38D4 /* MockAPI.swift */,
			);
			path = Service;
			sourceTree = "<group>";
		};
		A18FF3172B8E3CDC001A38D4 /* Navigation */ = {
			isa = PBXGroup;
			children = (
				A18FF3182B8E3CED001A38D4 /* ConditionalNavigationModifier.swift */,
			);
			path = Navigation;
			sourceTree = "<group>";
		};
		A18FF31A2B8E41C6001A38D4 /* Helpers */ = {
			isa = PBXGroup;
			children = (
				A18FF31B2B8E41E6001A38D4 /* Color+Ext..swift */,
			);
			path = Helpers;
			sourceTree = "<group>";
		};
/* End PBXGroup section */

/* Begin PBXNativeTarget section */
		A18FF2892B8DCC62001A38D4 /* apple-gallery */ = {
			isa = PBXNativeTarget;
			buildConfigurationList = A18FF2982B8DCC64001A38D4 /* Build configuration list for PBXNativeTarget "apple-gallery" */;
			buildPhases = (
				A18FF2862B8DCC62001A38D4 /* Sources */,
				A18FF2872B8DCC62001A38D4 /* Frameworks */,
				A18FF2882B8DCC62001A38D4 /* Resources */,
			);
			buildRules = (
			);
			dependencies = (
			);
			name = "apple-gallery";
			packageProductDependencies = (
				A18FF2A62B8DD2C7001A38D4 /* Kingfisher */,
				A18FF30F2B8E1C16001A38D4 /* NetworkManager */,
			);
			productName = "apple-gallery";
			productReference = A18FF28A2B8DCC62001A38D4 /* apple-gallery.app */;
			productType = "com.apple.product-type.application";
		};
/* End PBXNativeTarget section */

/* Begin PBXProject section */
		A18FF2822B8DCC62001A38D4 /* Project object */ = {
			isa = PBXProject;
			attributes = {
				BuildIndependentTargetsInParallel = 1;
				LastSwiftUpdateCheck = 1500;
				LastUpgradeCheck = 1500;
				TargetAttributes = {
					A18FF2892B8DCC62001A38D4 = {
						CreatedOnToolsVersion = 15.0.1;
					};
				};
			};
			buildConfigurationList = A18FF2852B8DCC62001A38D4 /* Build configuration list for PBXProject "apple-gallery" */;
			compatibilityVersion = "Xcode 14.0";
			developmentRegion = en;
			hasScannedForEncodings = 0;
			knownRegions = (
				en,
				Base,
			);
			mainGroup = A18FF2812B8DCC62001A38D4;
			packageReferences = (
				A18FF2A52B8DD2C7001A38D4 /* XCRemoteSwiftPackageReference "Kingfisher" */,
				A18FF30E2B8E1C16001A38D4 /* XCRemoteSwiftPackageReference "network-manager-package" */,
			);
			productRefGroup = A18FF28B2B8DCC62001A38D4 /* Products */;
			projectDirPath = "";
			projectRoot = "";
			targets = (
				A18FF2892B8DCC62001A38D4 /* apple-gallery */,
			);
		};
/* End PBXProject section */

/* Begin PBXResourcesBuildPhase section */
		A18FF2882B8DCC62001A38D4 /* Resources */ = {
			isa = PBXResourcesBuildPhase;
			buildActionMask = 2147483647;
			files = (
				A18FF2952B8DCC64001A38D4 /* Preview Assets.xcassets in Resources */,
				A18FF2922B8DCC64001A38D4 /* Assets.xcassets in Resources */,
			);
			runOnlyForDeploymentPostprocessing = 0;
		};
/* End PBXResourcesBuildPhase section */

/* Begin PBXSourcesBuildPhase section */
		A18FF2862B8DCC62001A38D4 /* Sources */ = {
			isa = PBXSourcesBuildPhase;
			buildActionMask = 2147483647;
			files = (
				A18FF2A22B8DD0A4001A38D4 /* AppleGalleryViewModel.swift in Sources */,
				A18FF2B12B8DE465001A38D4 /* DetailView.swift in Sources */,
				A18FF29C2B8DCDAC001A38D4 /* AppleGalleryCardView.swift in Sources */,
				A18FF2B42B8DE697001A38D4 /* LoginView.swift in Sources */,
				A18FF2A02B8DCF74001A38D4 /* AppleItem.swift in Sources */,
				A18FF2C12B8DEB3E001A38D4 /* LoginViewModel.swift in Sources */,
				A18FF3192B8E3CED001A38D4 /* ConditionalNavigationModifier.swift in Sources */,
				A18FF2BD2B8DE765001A38D4 /* SignInCustomButton.swift in Sources */,
				A18FF2AE2B8DD4D0001A38D4 /* AppleDetailsView.swift in Sources */,
				A18FF3162B8E3A4C001A38D4 /* User.swift in Sources */,
				A18FF29E2B8DCEAB001A38D4 /* AppleGalleryView.swift in Sources */,
				A18FF2BF2B8DEA1F001A38D4 /* RegistrationViewModel.swift in Sources */,
				A18FF31C2B8E41E6001A38D4 /* Color+Ext..swift in Sources */,
				A18FF3142B8E3A01001A38D4 /* MockAPI.swift in Sources */,
				A18FF2BB2B8DE728001A38D4 /* InputView.swift in Sources */,
				A18FF28E2B8DCC62001A38D4 /* apple_galleryApp.swift in Sources */,
				A18FF2B72B8DE6D9001A38D4 /* RegistrationView.swift in Sources */,
			);
			runOnlyForDeploymentPostprocessing = 0;
		};
/* End PBXSourcesBuildPhase section */

/* Begin XCBuildConfiguration section */
		A18FF2962B8DCC64001A38D4 /* Debug */ = {
			isa = XCBuildConfiguration;
			buildSettings = {
				ALWAYS_SEARCH_USER_PATHS = NO;
				ASSETCATALOG_COMPILER_GENERATE_SWIFT_ASSET_SYMBOL_EXTENSIONS = YES;
				CLANG_ANALYZER_NONNULL = YES;
				CLANG_ANALYZER_NUMBER_OBJECT_CONVERSION = YES_AGGRESSIVE;
				CLANG_CXX_LANGUAGE_STANDARD = "gnu++20";
				CLANG_ENABLE_MODULES = YES;
				CLANG_ENABLE_OBJC_ARC = YES;
				CLANG_ENABLE_OBJC_WEAK = YES;
				CLANG_WARN_BLOCK_CAPTURE_AUTORELEASING = YES;
				CLANG_WARN_BOOL_CONVERSION = YES;
				CLANG_WARN_COMMA = YES;
				CLANG_WARN_CONSTANT_CONVERSION = YES;
				CLANG_WARN_DEPRECATED_OBJC_IMPLEMENTATIONS = YES;
				CLANG_WARN_DIRECT_OBJC_ISA_USAGE = YES_ERROR;
				CLANG_WARN_DOCUMENTATION_COMMENTS = YES;
				CLANG_WARN_EMPTY_BODY = YES;
				CLANG_WARN_ENUM_CONVERSION = YES;
				CLANG_WARN_INFINITE_RECURSION = YES;
				CLANG_WARN_INT_CONVERSION = YES;
				CLANG_WARN_NON_LITERAL_NULL_CONVERSION = YES;
				CLANG_WARN_OBJC_IMPLICIT_RETAIN_SELF = YES;
				CLANG_WARN_OBJC_LITERAL_CONVERSION = YES;
				CLANG_WARN_OBJC_ROOT_CLASS = YES_ERROR;
				CLANG_WARN_QUOTED_INCLUDE_IN_FRAMEWORK_HEADER = YES;
				CLANG_WARN_RANGE_LOOP_ANALYSIS = YES;
				CLANG_WARN_STRICT_PROTOTYPES = YES;
				CLANG_WARN_SUSPICIOUS_MOVE = YES;
				CLANG_WARN_UNGUARDED_AVAILABILITY = YES_AGGRESSIVE;
				CLANG_WARN_UNREACHABLE_CODE = YES;
				CLANG_WARN__DUPLICATE_METHOD_MATCH = YES;
				COPY_PHASE_STRIP = NO;
				DEBUG_INFORMATION_FORMAT = dwarf;
				ENABLE_STRICT_OBJC_MSGSEND = YES;
				ENABLE_TESTABILITY = YES;
				ENABLE_USER_SCRIPT_SANDBOXING = YES;
				GCC_C_LANGUAGE_STANDARD = gnu17;
				GCC_DYNAMIC_NO_PIC = NO;
				GCC_NO_COMMON_BLOCKS = YES;
				GCC_OPTIMIZATION_LEVEL = 0;
				GCC_PREPROCESSOR_DEFINITIONS = (
					"DEBUG=1",
					"$(inherited)",
				);
				GCC_WARN_64_TO_32_BIT_CONVERSION = YES;
				GCC_WARN_ABOUT_RETURN_TYPE = YES_ERROR;
				GCC_WARN_UNDECLARED_SELECTOR = YES;
				GCC_WARN_UNINITIALIZED_AUTOS = YES_AGGRESSIVE;
				GCC_WARN_UNUSED_FUNCTION = YES;
				GCC_WARN_UNUSED_VARIABLE = YES;
				IPHONEOS_DEPLOYMENT_TARGET = 17.0;
				LOCALIZATION_PREFERS_STRING_CATALOGS = YES;
				MTL_ENABLE_DEBUG_INFO = INCLUDE_SOURCE;
				MTL_FAST_MATH = YES;
				ONLY_ACTIVE_ARCH = YES;
				SDKROOT = iphoneos;
				SWIFT_ACTIVE_COMPILATION_CONDITIONS = "DEBUG $(inherited)";
				SWIFT_OPTIMIZATION_LEVEL = "-Onone";
			};
			name = Debug;
		};
		A18FF2972B8DCC64001A38D4 /* Release */ = {
			isa = XCBuildConfiguration;
			buildSettings = {
				ALWAYS_SEARCH_USER_PATHS = NO;
				ASSETCATALOG_COMPILER_GENERATE_SWIFT_ASSET_SYMBOL_EXTENSIONS = YES;
				CLANG_ANALYZER_NONNULL = YES;
				CLANG_ANALYZER_NUMBER_OBJECT_CONVERSION = YES_AGGRESSIVE;
				CLANG_CXX_LANGUAGE_STANDARD = "gnu++20";
				CLANG_ENABLE_MODULES = YES;
				CLANG_ENABLE_OBJC_ARC = YES;
				CLANG_ENABLE_OBJC_WEAK = YES;
				CLANG_WARN_BLOCK_CAPTURE_AUTORELEASING = YES;
				CLANG_WARN_BOOL_CONVERSION = YES;
				CLANG_WARN_COMMA = YES;
				CLANG_WARN_CONSTANT_CONVERSION = YES;
				CLANG_WARN_DEPRECATED_OBJC_IMPLEMENTATIONS = YES;
				CLANG_WARN_DIRECT_OBJC_ISA_USAGE = YES_ERROR;
				CLANG_WARN_DOCUMENTATION_COMMENTS = YES;
				CLANG_WARN_EMPTY_BODY = YES;
				CLANG_WARN_ENUM_CONVERSION = YES;
				CLANG_WARN_INFINITE_RECURSION = YES;
				CLANG_WARN_INT_CONVERSION = YES;
				CLANG_WARN_NON_LITERAL_NULL_CONVERSION = YES;
				CLANG_WARN_OBJC_IMPLICIT_RETAIN_SELF = YES;
				CLANG_WARN_OBJC_LITERAL_CONVERSION = YES;
				CLANG_WARN_OBJC_ROOT_CLASS = YES_ERROR;
				CLANG_WARN_QUOTED_INCLUDE_IN_FRAMEWORK_HEADER = YES;
				CLANG_WARN_RANGE_LOOP_ANALYSIS = YES;
				CLANG_WARN_STRICT_PROTOTYPES = YES;
				CLANG_WARN_SUSPICIOUS_MOVE = YES;
				CLANG_WARN_UNGUARDED_AVAILABILITY = YES_AGGRESSIVE;
				CLANG_WARN_UNREACHABLE_CODE = YES;
				CLANG_WARN__DUPLICATE_METHOD_MATCH = YES;
				COPY_PHASE_STRIP = NO;
				DEBUG_INFORMATION_FORMAT = "dwarf-with-dsym";
				ENABLE_NS_ASSERTIONS = NO;
				ENABLE_STRICT_OBJC_MSGSEND = YES;
				ENABLE_USER_SCRIPT_SANDBOXING = YES;
				GCC_C_LANGUAGE_STANDARD = gnu17;
				GCC_NO_COMMON_BLOCKS = YES;
				GCC_WARN_64_TO_32_BIT_CONVERSION = YES;
				GCC_WARN_ABOUT_RETURN_TYPE = YES_ERROR;
				GCC_WARN_UNDECLARED_SELECTOR = YES;
				GCC_WARN_UNINITIALIZED_AUTOS = YES_AGGRESSIVE;
				GCC_WARN_UNUSED_FUNCTION = YES;
				GCC_WARN_UNUSED_VARIABLE = YES;
				IPHONEOS_DEPLOYMENT_TARGET = 17.0;
				LOCALIZATION_PREFERS_STRING_CATALOGS = YES;
				MTL_ENABLE_DEBUG_INFO = NO;
				MTL_FAST_MATH = YES;
				SDKROOT = iphoneos;
				SWIFT_COMPILATION_MODE = wholemodule;
				VALIDATE_PRODUCT = YES;
			};
			name = Release;
		};
		A18FF2992B8DCC64001A38D4 /* Debug */ = {
			isa = XCBuildConfiguration;
			buildSettings = {
				ASSETCATALOG_COMPILER_APPICON_NAME = AppIcon;
				ASSETCATALOG_COMPILER_GLOBAL_ACCENT_COLOR_NAME = AccentColor;
				CODE_SIGN_STYLE = Automatic;
				CURRENT_PROJECT_VERSION = 1;
				DEVELOPMENT_ASSET_PATHS = "\"apple-gallery/Preview Content\"";
				ENABLE_PREVIEWS = YES;
				GENERATE_INFOPLIST_FILE = YES;
				INFOPLIST_KEY_UIApplicationSceneManifest_Generation = YES;
				INFOPLIST_KEY_UIApplicationSupportsIndirectInputEvents = YES;
				INFOPLIST_KEY_UILaunchScreen_Generation = YES;
				INFOPLIST_KEY_UISupportedInterfaceOrientations_iPad = "UIInterfaceOrientationPortrait UIInterfaceOrientationPortraitUpsideDown UIInterfaceOrientationLandscapeLeft UIInterfaceOrientationLandscapeRight";
				INFOPLIST_KEY_UISupportedInterfaceOrientations_iPhone = "UIInterfaceOrientationPortrait UIInterfaceOrientationLandscapeLeft UIInterfaceOrientationLandscapeRight";
				LD_RUNPATH_SEARCH_PATHS = (
					"$(inherited)",
					"@executable_path/Frameworks",
				);
				MARKETING_VERSION = 1.0;
				PRODUCT_BUNDLE_IDENTIFIER = "test.ge.apple-gallery";
				PRODUCT_NAME = "$(TARGET_NAME)";
				SWIFT_EMIT_LOC_STRINGS = YES;
				SWIFT_VERSION = 5.0;
				TARGETED_DEVICE_FAMILY = "1,2";
			};
			name = Debug;
		};
		A18FF29A2B8DCC64001A38D4 /* Release */ = {
			isa = XCBuildConfiguration;
			buildSettings = {
				ASSETCATALOG_COMPILER_APPICON_NAME = AppIcon;
				ASSETCATALOG_COMPILER_GLOBAL_ACCENT_COLOR_NAME = AccentColor;
				CODE_SIGN_STYLE = Automatic;
				CURRENT_PROJECT_VERSION = 1;
				DEVELOPMENT_ASSET_PATHS = "\"apple-gallery/Preview Content\"";
				ENABLE_PREVIEWS = YES;
				GENERATE_INFOPLIST_FILE = YES;
				INFOPLIST_KEY_UIApplicationSceneManifest_Generation = YES;
				INFOPLIST_KEY_UIApplicationSupportsIndirectInputEvents = YES;
				INFOPLIST_KEY_UILaunchScreen_Generation = YES;
				INFOPLIST_KEY_UISupportedInterfaceOrientations_iPad = "UIInterfaceOrientationPortrait UIInterfaceOrientationPortraitUpsideDown UIInterfaceOrientationLandscapeLeft UIInterfaceOrientationLandscapeRight";
				INFOPLIST_KEY_UISupportedInterfaceOrientations_iPhone = "UIInterfaceOrientationPortrait UIInterfaceOrientationLandscapeLeft UIInterfaceOrientationLandscapeRight";
				LD_RUNPATH_SEARCH_PATHS = (
					"$(inherited)",
					"@executable_path/Frameworks",
				);
				MARKETING_VERSION = 1.0;
				PRODUCT_BUNDLE_IDENTIFIER = "test.ge.apple-gallery";
				PRODUCT_NAME = "$(TARGET_NAME)";
				SWIFT_EMIT_LOC_STRINGS = YES;
				SWIFT_VERSION = 5.0;
				TARGETED_DEVICE_FAMILY = "1,2";
			};
			name = Release;
		};
/* End XCBuildConfiguration section */

/* Begin XCConfigurationList section */
		A18FF2852B8DCC62001A38D4 /* Build configuration list for PBXProject "apple-gallery" */ = {
			isa = XCConfigurationList;
			buildConfigurations = (
				A18FF2962B8DCC64001A38D4 /* Debug */,
				A18FF2972B8DCC64001A38D4 /* Release */,
			);
			defaultConfigurationIsVisible = 0;
			defaultConfigurationName = Release;
		};
		A18FF2982B8DCC64001A38D4 /* Build configuration list for PBXNativeTarget "apple-gallery" */ = {
			isa = XCConfigurationList;
			buildConfigurations = (
				A18FF2992B8DCC64001A38D4 /* Debug */,
				A18FF29A2B8DCC64001A38D4 /* Release */,
			);
			defaultConfigurationIsVisible = 0;
			defaultConfigurationName = Release;
		};
/* End XCConfigurationList section */

/* Begin XCRemoteSwiftPackageReference section */
		A18FF2A52B8DD2C7001A38D4 /* XCRemoteSwiftPackageReference "Kingfisher" */ = {
			isa = XCRemoteSwiftPackageReference;
			repositoryURL = "https://github.com/onevcat/Kingfisher";
			requirement = {
				kind = upToNextMajorVersion;
				minimumVersion = 7.11.0;
			};
		};
		A18FF30E2B8E1C16001A38D4 /* XCRemoteSwiftPackageReference "network-manager-package" */ = {
			isa = XCRemoteSwiftPackageReference;
			repositoryURL = "https://github.com/anachikhladze/network-manager-package";
			requirement = {
				branch = main;
				kind = branch;
			};
		};
/* End XCRemoteSwiftPackageReference section */

/* Begin XCSwiftPackageProductDependency section */
		A18FF2A62B8DD2C7001A38D4 /* Kingfisher */ = {
			isa = XCSwiftPackageProductDependency;
			package = A18FF2A52B8DD2C7001A38D4 /* XCRemoteSwiftPackageReference "Kingfisher" */;
			productName = Kingfisher;
		};
		A18FF30F2B8E1C16001A38D4 /* NetworkManager */ = {
			isa = XCSwiftPackageProductDependency;
			package = A18FF30E2B8E1C16001A38D4 /* XCRemoteSwiftPackageReference "network-manager-package" */;
			productName = NetworkManager;
		};
/* End XCSwiftPackageProductDependency section */
	};
	rootObject = A18FF2822B8DCC62001A38D4 /* Project object */;
}
